
Microsoft Visual Studio Solution File, Format Version 12.00
# Visual Studio Version 16
VisualStudioVersion = 16.0.31702.278
MinimumVisualStudioVersion = 10.0.40219.1
Project("{FAE04EC0-301F-11D3-BF4B-00C04F79EFBC}") = "Contador.Android", "Contador\Contador.Android\Contador.Android.csproj", "{770A2CA9-9CC5-4FF5-83B0-AAD7AA5FD224}"
EndProject
Project("{FAE04EC0-301F-11D3-BF4B-00C04F79EFBC}") = "Contador.iOS", "Contador\Contador.iOS\Contador.iOS.csproj", "{5BF52EDB-8F6A-47A5-818B-20801BA8F394}"
EndProject
Project("{FAE04EC0-301F-11D3-BF4B-00C04F79EFBC}") = "Contador", "Contador\Contador\Contador.csproj", "{C60BE099-0233-4A9E-BD82-22D0EE2932CA}"
EndProject
Global
	GlobalSection(SolutionConfigurationPlatforms) = preSolution
		Debug|Any CPU = Debug|Any CPU
		Debug|iPhone = Debug|iPhone
		Debug|iPhoneSimulator = Debug|iPhoneSimulator
		Release|Any CPU = Release|Any CPU
		Release|iPhone = Release|iPhone
		Release|iPhoneSimulator = Release|iPhoneSimulator
	EndGlobalSection
	GlobalSection(ProjectConfigurationPlatforms) = postSolution
		{770A2CA9-9CC5-4FF5-83B0-AAD7AA5FD224}.Debug|Any CPU.ActiveCfg = Debug|Any CPU
		{770A2CA9-9CC5-4FF5-83B0-AAD7AA5FD224}.Debug|Any CPU.Build.0 = Debug|Any CPU
		{770A2CA9-9CC5-4FF5-83B0-AAD7AA5FD224}.Debug|Any CPU.Deploy.0 = Debug|Any CPU
		{770A2CA9-9CC5-4FF5-83B0-AAD7AA5FD224}.Debug|iPhone.ActiveCfg = Debug|Any CPU
		{770A2CA9-9CC5-4FF5-83B0-AAD7AA5FD224}.Debug|iPhone.Build.0 = Debug|Any CPU
		{770A2CA9-9CC5-4FF5-83B0-AAD7AA5FD224}.Debug|iPhone.Deploy.0 = Debug|Any CPU
		{770A2CA9-9CC5-4FF5-83B0-AAD7AA5FD224}.Debug|iPhoneSimulator.ActiveCfg = Debug|Any CPU
		{770A2CA9-9CC5-4FF5-83B0-AAD7AA5FD224}.Debug|iPhoneSimulator.Build.0 = Debug|Any CPU
		{770A2CA9-9CC5-4FF5-83B0-AAD7AA5FD224}.Debug|iPhoneSimulator.Deploy.0 = Debug|Any CPU
		{770A2CA9-9CC5-4FF5-83B0-AAD7AA5FD224}.Release|Any CPU.ActiveCfg = Release|Any CPU
		{770A2CA9-9CC5-4FF5-83B0-AAD7AA5FD224}.Release|Any CPU.Build.0 = Release|Any CPU
		{770A2CA9-9CC5-4FF5-83B0-AAD7AA5FD224}.Release|Any CPU.Deploy.0 = Release|Any CPU
		{770A2CA9-9CC5-4FF5-83B0-AAD7AA5FD224}.Release|iPhone.ActiveCfg = Release|Any CPU
		{770A2CA9-9CC5-4FF5-83B0-AAD7AA5FD224}.Release|iPhone.Build.0 = Release|Any CPU
		{770A2CA9-9CC5-4FF5-83B0-AAD7AA5FD224}.Release|iPhone.Deploy.0 = Release|Any CPU
		{770A2CA9-9CC5-4FF5-83B0-AAD7AA5FD224}.Release|iPhoneSimulator.ActiveCfg = Release|Any CPU
		{770A2CA9-9CC5-4FF5-83B0-AAD7AA5FD224}.Release|iPhoneSimulator.Build.0 = Release|Any CPU
		{770A2CA9-9CC5-4FF5-83B0-AAD7AA5FD224}.Release|iPhoneSimulator.Deploy.0 = Release|Any CPU
		{5BF52EDB-8F6A-47A5-818B-20801BA8F394}.Debug|Any CPU.ActiveCfg = Debug|iPhone
		{5BF52EDB-8F6A-47A5-818B-20801BA8F394}.Debug|Any CPU.Build.0 = Debug|iPhone
		{5BF52EDB-8F6A-47A5-818B-20801BA8F394}.Debug|Any CPU.Deploy.0 = Debug|iPhone
		{5BF52EDB-8F6A-47A5-818B-20801BA8F394}.Debug|iPhone.ActiveCfg = Debug|iPhone
		{5BF52EDB-8F6A-47A5-818B-20801BA8F394}.Debug|iPhone.Build.0 = Debug|iPhone
		{5BF52EDB-8F6A-47A5-818B-20801BA8F394}.Debug|iPhone.Deploy.0 = Debug|iPhone
		{5BF52EDB-8F6A-47A5-818B-20801BA8F394}.Debug|iPhoneSimulator.ActiveCfg = Debug|iPhoneSimulator
		{5BF52EDB-8F6A-47A5-818B-20801BA8F394}.Debug|iPhoneSimulator.Build.0 = Debug|iPhoneSimulator
		{5BF52EDB-8F6A-47A5-818B-20801BA8F394}.Debug|iPhoneSimulator.Deploy.0 = Debug|iPhoneSimulator
		{5BF52EDB-8F6A-47A5-818B-20801BA8F394}.Release|Any CPU.ActiveCfg = Release|iPhoneSimulator
		{5BF52EDB-8F6A-47A5-818B-20801BA8F394}.Release|Any CPU.Build.0 = Release|iPhoneSimulator
		{5BF52EDB-8F6A-47A5-818B-20801BA8F394}.Release|Any CPU.Deploy.0 = Release|iPhoneSimulator
		{5BF52EDB-8F6A-47A5-818B-20801BA8F394}.Release|iPhone.ActiveCfg = Release|iPhone
		{5BF52EDB-8F6A-47A5-818B-20801BA8F394}.Release|iPhone.Build.0 = Release|iPhone
		{5BF52EDB-8F6A-47A5-818B-20801BA8F394}.Release|iPhone.Deploy.0 = Release|iPhone
		{5BF52EDB-8F6A-47A5-818B-20801BA8F394}.Release|iPhoneSimulator.ActiveCfg = Release|iPhoneSimulator
		{5BF52EDB-8F6A-47A5-818B-20801BA8F394}.Release|iPhoneSimulator.Build.0 = Release|iPhoneSimulator
		{5BF52EDB-8F6A-47A5-818B-20801BA8F394}.Release|iPhoneSimulator.Deploy.0 = Release|iPhoneSimulator
		{C60BE099-0233-4A9E-BD82-22D0EE2932CA}.Debug|Any CPU.ActiveCfg = Debug|Any CPU
		{C60BE099-0233-4A9E-BD82-22D0EE2932CA}.Debug|Any CPU.Build.0 = Debug|Any CPU
		{C60BE099-0233-4A9E-BD82-22D0EE2932CA}.Debug|Any CPU.Deploy.0 = Debug|Any CPU
		{C60BE099-0233-4A9E-BD82-22D0EE2932CA}.Debug|iPhone.ActiveCfg = Debug|Any CPU
		{C60BE099-0233-4A9E-BD82-22D0EE2932CA}.Debug|iPhone.Build.0 = Debug|Any CPU
		{C60BE099-0233-4A9E-BD82-22D0EE2932CA}.Debug|iPhone.Deploy.0 = Debug|Any CPU
		{C60BE099-0233-4A9E-BD82-22D0EE2932CA}.Debug|iPhoneSimulator.ActiveCfg = Debug|Any CPU
		{C60BE099-0233-4A9E-BD82-22D0EE2932CA}.Debug|iPhoneSimulator.Build.0 = Debug|Any CPU
		{C60BE099-0233-4A9E-BD82-22D0EE2932CA}.Debug|iPhoneSimulator.Deploy.0 = Debug|Any CPU
		{C60BE099-0233-4A9E-BD82-22D0EE2932CA}.Release|Any CPU.ActiveCfg = Release|Any CPU
		{C60BE099-0233-4A9E-BD82-22D0EE2932CA}.Release|Any CPU.Build.0 = Release|Any CPU
		{C60BE099-0233-4A9E-BD82-22D0EE2932CA}.Release|Any CPU.Deploy.0 = Release|Any CPU
		{C60BE099-0233-4A9E-BD82-22D0EE2932CA}.Release|iPhone.ActiveCfg = Release|Any CPU
		{C60BE099-0233-4A9E-BD82-22D0EE2932CA}.Release|iPhone.Build.0 = Release|Any CPU
		{C60BE099-0233-4A9E-BD82-22D0EE2932CA}.Release|iPhone.Deploy.0 = Release|Any CPU
		{C60BE099-0233-4A9E-BD82-22D0EE2932CA}.Release|iPhoneSimulator.ActiveCfg = Release|Any CPU
		{C60BE099-0233-4A9E-BD82-22D0EE2932CA}.Release|iPhoneSimulator.Build.0 = Release|Any CPU
		{C60BE099-0233-4A9E-BD82-22D0EE2932CA}.Release|iPhoneSimulator.Deploy.0 = Release|Any CPU
	EndGlobalSection
	GlobalSection(SolutionProperties) = preSolution
		HideSolutionNode = FALSE
	EndGlobalSection
	GlobalSection(ExtensibilityGlobals) = postSolution
		SolutionGuid = {D5FFD98A-BDD0-484E-ADA5-695294E1969A}
	EndGlobalSection
EndGlobal
